<?xml version="1.0" encoding="UTF-8" standalone="yes" ?>
<CodeBlocks_project_file>
	<FileVersion major="1" minor="6" />
	<Project>
		<Option title="Chicken Invaders" />
		<Option pch_mode="2" />
		<Option compiler="gcc" />
		<Build>
			<Target title="Debug">
				<Option output="bin/Debug/Chicken Invaders" prefix_auto="1" extension_auto="1" />
				<Option object_output="obj/Debug/" />
				<Option type="1" />
				<Option compiler="gcc" />
				<Compiler>
					<Add option="-g" />
				</Compiler>
			</Target>
			<Target title="Release">
				<Option output="bin/Release/Chicken Invaders" prefix_auto="1" extension_auto="1" />
				<Option object_output="obj/Release/" />
				<Option type="1" />
				<Option compiler="gcc" />
				<Compiler>
					<Add option="-O2" />
				</Compiler>
				<Linker>
					<Add option="-s" />
				</Linker>
			</Target>
		</Build>
		<Compiler>
			<Add option="-Wall" />
		</Compiler>
		<Unit filename="Boss.cpp" />
		<Unit filename="Boss.h" />
		<Unit filename="Explosion.cpp" />
		<Unit filename="Explosion.h" />
		<Unit filename="Gift.cpp" />
		<Unit filename="Gift.h" />
		<Unit filename="Text.cpp" />
		<Unit filename="Text.h" />
		<Unit filename="base.cpp" />
		<Unit filename="base.h" />
		<Unit filename="bullet.cpp" />
		<Unit filename="bullet.h" />
		<Unit filename="chicken.cpp" />
		<Unit filename="chicken.h" />
		<Unit filename="common.cpp" />
		<Unit filename="common.h" />
		<Unit filename="game_management.cpp" />
		<Unit filename="game_management.h" />
		<Unit filename="main.cpp" />
		<Unit filename="space_ship.cpp" />
		<Unit filename="space_ship.h" />
		<Extensions>
			<lib_finder disable_auto="1" />
		</Extensions>
	</Project>
</CodeBlocks_project_file>
